{
  "name": "voyzu-typebox-poc",
  "lockfileVersion": 3,
  "requires": true,
  "packages": {
    "": {
      "name": "voyzu-typebox-poc",
      "dependencies": {
        "typebox": "1.3.7"
      },
      "devDependencies": {
        "typescript": "6.0.3"
      }
    },
    "node_modules/typebox": {
      "version": "1.3.7",
      "resolved": "https://registry.npmjs.org/typebox/-/typebox-1.3.7.tgz",
      "integrity": "sha512-meKuifc33Pccx0O6PdIzYMq3Og8zvP4TIi/a+Bw3AEMZMxOD0+RHGQvpglEe6Zdy3wZ8nqn/j95h8LUZLk/6Hg==",
      "license": "MIT"
    },
    "node_modules/typescript": {
      "version": "6.0.3",
      "resolved": "https://registry.npmjs.org/typescript/-/typescript-6.0.3.tgz",
      "integrity": "sha512-y2TvuxSZPDyQakkFRPZHKFm+KKVqIisdg9/CZwm9ftvKXLP8NRWj38/ODjNbr43SsoXqNuAisEf1GdCxqWcdBw==",
      "dev": true,
      "license": "Apache-2.0",
      "bin": {
        "tsc": "bin/tsc",
        "tsserver": "bin/tsserver"
      },
      "engines": {
        "node": ">=14.17"
      }
    }
  }
}
